
Microsoft Visual Studio Solution File, Format Version 12.00
# Visual Studio Version 16
VisualStudioVersion = 16.0.31515.178
MinimumVisualStudioVersion = 10.0.40219.1
Project("{F184B08F-C81C-45F6-A57F-5ABD9991F28F}") = "RepasoFinal -LP2", "RepasoFinal -LP2.vbproj", "{7934D0B7-DD54-4E0D-B364-A91CCE85755C}"
EndProject
Global
	GlobalSection(SolutionConfigurationPlatforms) = preSolution
		Debug|Any CPU = Debug|Any CPU
		Release|Any CPU = Release|Any CPU
	EndGlobalSection
	GlobalSection(ProjectConfigurationPlatforms) = postSolution
		{7934D0B7-DD54-4E0D-B364-A91CCE85755C}.Debug|Any CPU.ActiveCfg = Debug|Any CPU
		{7934D0B7-DD54-4E0D-B364-A91CCE85755C}.Debug|Any CPU.Build.0 = Debug|Any CPU
		{7934D0B7-DD54-4E0D-B364-A91CCE85755C}.Release|Any CPU.ActiveCfg = Release|Any CPU
		{7934D0B7-DD54-4E0D-B364-A91CCE85755C}.Release|Any CPU.Build.0 = Release|Any CPU
	EndGlobalSection
	GlobalSection(SolutionProperties) = preSolution
		HideSolutionNode = FALSE
	EndGlobalSection
	GlobalSection(ExtensibilityGlobals) = postSolution
		SolutionGuid = {AC71D39A-CBCC-4542-832A-3E708D938540}
	EndGlobalSection
EndGlobal
